
Microsoft Visual Studio Solution File, Format Version 12.00
# Visual Studio Version 17
VisualStudioVersion = 17.1.32421.90
MinimumVisualStudioVersion = 10.0.40219.1
Project("{FAE04EC0-301F-11D3-BF4B-00C04F79EFBC}") = "OracleNet6", "OracleNet6\OracleNet6.csproj", "{EB51EAA3-FE71-420C-980F-F3A5E2DC534C}"
EndProject
Global
	GlobalSection(SolutionConfigurationPlatforms) = preSolution
		Debug|Any CPU = Debug|Any CPU
		Release|Any CPU = Release|Any CPU
	EndGlobalSection
	GlobalSection(ProjectConfigurationPlatforms) = postSolution
		{EB51EAA3-FE71-420C-980F-F3A5E2DC534C}.Debug|Any CPU.ActiveCfg = Debug|Any CPU
		{EB51EAA3-FE71-420C-980F-F3A5E2DC534C}.Debug|Any CPU.Build.0 = Debug|Any CPU
		{EB51EAA3-FE71-420C-980F-F3A5E2DC534C}.Release|Any CPU.ActiveCfg = Release|Any CPU
		{EB51EAA3-FE71-420C-980F-F3A5E2DC534C}.Release|Any CPU.Build.0 = Release|Any CPU
	EndGlobalSection
	GlobalSection(SolutionProperties) = preSolution
		HideSolutionNode = FALSE
	EndGlobalSection
	GlobalSection(ExtensibilityGlobals) = postSolution
		SolutionGuid = {12910D9C-32E0-4664-9BEA-2B997B169090}
	EndGlobalSection
EndGlobal
